// !$*UTF8*$!
{
	archiveVersion = 1;
	classes = {
	};
	objectVersion = 54;
	objects = {

/* Begin PBXBuildFile section */
		1006505D25AAF3320016B796 /* ViewController.swift in Sources */ = {isa = PBXBuildFile; fileRef = 1006505B25AAF3320016B796 /* ViewController.swift */; };
		1006505E25AAF3320016B796 /* ListViewController.swift in Sources */ = {isa = PBXBuildFile; fileRef = 1006505C25AAF3320016B796 /* ListViewController.swift */; };
		1014894425AC417E00639F98 /* DIaryWriteViewController.swift in Sources */ = {isa = PBXBuildFile; fileRef = 1014894325AC417E00639F98 /* DIaryWriteViewController.swift */; };
		104E685E25AAF8410019B29E /* DiaryWrite.storyboard in Resources */ = {isa = PBXBuildFile; fileRef = 104E685D25AAF8410019B29E /* DiaryWrite.storyboard */; };
		105661ED25A5F79300E111B2 /* EmptyTableViewCell.swift in Sources */ = {isa = PBXBuildFile; fileRef = 105661EB25A5F79300E111B2 /* EmptyTableViewCell.swift */; };
		105661EE25A5F79300E111B2 /* EmptyTableViewCell.xib in Resources */ = {isa = PBXBuildFile; fileRef = 105661EC25A5F79300E111B2 /* EmptyTableViewCell.xib */; };
		107919B325A4830B0024C711 /* ListDateTableViewCell.swift in Sources */ = {isa = PBXBuildFile; fileRef = 107919B125A4830B0024C711 /* ListDateTableViewCell.swift */; };
		107919B425A4830B0024C711 /* ListDateTableViewCell.xib in Resources */ = {isa = PBXBuildFile; fileRef = 107919B225A4830B0024C711 /* ListDateTableViewCell.xib */; };
		107919BC25A484510024C711 /* ListFilterTableViewCell.swift in Sources */ = {isa = PBXBuildFile; fileRef = 107919BA25A484510024C711 /* ListFilterTableViewCell.swift */; };
		107919BD25A484510024C711 /* ListFilterTableViewCell.xib in Resources */ = {isa = PBXBuildFile; fileRef = 107919BB25A484510024C711 /* ListFilterTableViewCell.xib */; };
		107919C125A484E60024C711 /* FilterCollectionViewCell.swift in Sources */ = {isa = PBXBuildFile; fileRef = 107919BF25A484E60024C711 /* FilterCollectionViewCell.swift */; };
		107919C225A484E60024C711 /* FilterCollectionViewCell.xib in Resources */ = {isa = PBXBuildFile; fileRef = 107919C025A484E60024C711 /* FilterCollectionViewCell.xib */; };
		10B6732025A771700046AA97 /* String+Extension.swift in Sources */ = {isa = PBXBuildFile; fileRef = 10B6731F25A771700046AA97 /* String+Extension.swift */; };
		10B6732D25A775DE0046AA97 /* UIView+Extension.swift in Sources */ = {isa = PBXBuildFile; fileRef = 10B6732C25A775DE0046AA97 /* UIView+Extension.swift */; };
		10DDA33925AF099A00620C41 /* ListFilterModalViewController.swift in Sources */ = {isa = PBXBuildFile; fileRef = 10DDA33725AF099A00620C41 /* ListFilterModalViewController.swift */; };
		10DDA33A25AF099A00620C41 /* ListFilterModalViewController.xib in Resources */ = {isa = PBXBuildFile; fileRef = 10DDA33825AF099A00620C41 /* ListFilterModalViewController.xib */; };
		10DDA34025AF09A900620C41 /* DepthCollectionViewCell.swift in Sources */ = {isa = PBXBuildFile; fileRef = 10DDA33C25AF09A900620C41 /* DepthCollectionViewCell.swift */; };
		10DDA34125AF09A900620C41 /* DepthCollectionViewCell.xib in Resources */ = {isa = PBXBuildFile; fileRef = 10DDA33D25AF09A900620C41 /* DepthCollectionViewCell.xib */; };
		10DDA34225AF09A900620C41 /* EmotionCollectionViewCell.swift in Sources */ = {isa = PBXBuildFile; fileRef = 10DDA33E25AF09A900620C41 /* EmotionCollectionViewCell.swift */; };
		10DDA34325AF09A900620C41 /* EmotionCollectionViewCell.xib in Resources */ = {isa = PBXBuildFile; fileRef = 10DDA33F25AF09A900620C41 /* EmotionCollectionViewCell.xib */; };
		10DDA34625AF09C500620C41 /* ModalPresentationController.swift in Sources */ = {isa = PBXBuildFile; fileRef = 10DDA34525AF09C500620C41 /* ModalPresentationController.swift */; };
		10E5CD7F25ADF145004FDC24 /* UploadModalViewController.swift in Sources */ = {isa = PBXBuildFile; fileRef = 10E5CD7D25ADF145004FDC24 /* UploadModalViewController.swift */; };
		10E5CD8025ADF145004FDC24 /* UploadModalViewController.xib in Resources */ = {isa = PBXBuildFile; fileRef = 10E5CD7E25ADF145004FDC24 /* UploadModalViewController.xib */; };
		10E5CD8325ADF1D5004FDC24 /* UploadModalPresentationController.swift in Sources */ = {isa = PBXBuildFile; fileRef = 10E5CD8225ADF1D5004FDC24 /* UploadModalPresentationController.swift */; };
		10F12B10259B2C4C003CAA9E /* List.storyboard in Resources */ = {isa = PBXBuildFile; fileRef = 10F12B0F259B2C4C003CAA9E /* List.storyboard */; };
		10F8723425AAF2D9009FE6F1 /* ListTableViewCell.xib in Resources */ = {isa = PBXBuildFile; fileRef = 10F8723225AAF2D9009FE6F1 /* ListTableViewCell.xib */; };
		10F8723525AAF2D9009FE6F1 /* ListTableViewCell.swift in Sources */ = {isa = PBXBuildFile; fileRef = 10F8723325AAF2D9009FE6F1 /* ListTableViewCell.swift */; };
		1C42357325AE26B9008FB838 /* SplashViewController.swift in Sources */ = {isa = PBXBuildFile; fileRef = 1C42357225AE26B9008FB838 /* SplashViewController.swift */; };
		1C42357625AE26D2008FB838 /* Splash.storyboard in Resources */ = {isa = PBXBuildFile; fileRef = 1C42357525AE26D2008FB838 /* Splash.storyboard */; };
		1C42358F25AE2E31008FB838 /* momo_splash.json in Resources */ = {isa = PBXBuildFile; fileRef = 1C42358E25AE2E31008FB838 /* momo_splash.json */; };
		1C52BE0525AD655300D02771 /* AlertModalView.swift in Sources */ = {isa = PBXBuildFile; fileRef = 1C52BE0425AD655300D02771 /* AlertModalView.swift */; };
		1C52BE0825AD656700D02771 /* AlertModalView.xib in Resources */ = {isa = PBXBuildFile; fileRef = 1C52BE0725AD656700D02771 /* AlertModalView.xib */; };
		1C52BE0F25AD7A9500D02771 /* onboarding_wave_ios.json in Resources */ = {isa = PBXBuildFile; fileRef = 1C52BE0E25AD7A9500D02771 /* onboarding_wave_ios.json */; };
		1C7CD80725ACA5EC00B7CB60 /* DiaryViewController.swift in Sources */ = {isa = PBXBuildFile; fileRef = 1C7CD80625ACA5EC00B7CB60 /* DiaryViewController.swift */; };
		1C7CD80A25ACA5FD00B7CB60 /* Diary.storyboard in Resources */ = {isa = PBXBuildFile; fileRef = 1C7CD80925ACA5FD00B7CB60 /* Diary.storyboard */; };
		1C7CD82525ACEB9E00B7CB60 /* MenuView.swift in Sources */ = {isa = PBXBuildFile; fileRef = 1C7CD82425ACEB9E00B7CB60 /* MenuView.swift */; };
		1C7CD82825ACEBAB00B7CB60 /* MenuView.xib in Resources */ = {isa = PBXBuildFile; fileRef = 1C7CD82725ACEBAB00B7CB60 /* MenuView.xib */; };
		1CAD05A225A9C98F007ECA40 /* UILabel+Extension.swift in Sources */ = {isa = PBXBuildFile; fileRef = 1CAD05A125A9C98F007ECA40 /* UILabel+Extension.swift */; };
		1CAD05A525AACB36007ECA40 /* DeepViewController.swift in Sources */ = {isa = PBXBuildFile; fileRef = 1CAD05A425AACB36007ECA40 /* DeepViewController.swift */; };
		1CAD05B125AC3DC4007ECA40 /* DeepSliderView.swift in Sources */ = {isa = PBXBuildFile; fileRef = 1CAD05B025AC3DC4007ECA40 /* DeepSliderView.swift */; };
		1CAD05B425AC3DEF007ECA40 /* DeepSliderView.xib in Resources */ = {isa = PBXBuildFile; fileRef = 1CAD05B325AC3DEF007ECA40 /* DeepSliderView.xib */; };
		1CAD05BA25AC59C1007ECA40 /* UISlider+Extension.swift in Sources */ = {isa = PBXBuildFile; fileRef = 1CAD05B925AC59C1007ECA40 /* UISlider+Extension.swift */; };
		1CEF46BF25A6DA7600AF3D81 /* OnboardingViewController.swift in Sources */ = {isa = PBXBuildFile; fileRef = 1CEF46BE25A6DA7600AF3D81 /* OnboardingViewController.swift */; };
		1CEF46C225A6DAA000AF3D81 /* Onboarding.storyboard in Resources */ = {isa = PBXBuildFile; fileRef = 1CEF46C125A6DAA000AF3D81 /* Onboarding.storyboard */; };
		1CEF46C525A6E09100AF3D81 /* MoodViewController.swift in Sources */ = {isa = PBXBuildFile; fileRef = 1CEF46C425A6E09100AF3D81 /* MoodViewController.swift */; };
		1CEF46C825A6E0A000AF3D81 /* SentenceViewController.swift in Sources */ = {isa = PBXBuildFile; fileRef = 1CEF46C725A6E0A000AF3D81 /* SentenceViewController.swift */; };
		1CEF46CB25A6E0B200AF3D81 /* OnboardingWriteViewController.swift in Sources */ = {isa = PBXBuildFile; fileRef = 1CEF46CA25A6E0B200AF3D81 /* OnboardingWriteViewController.swift */; };
		563B033025A8849300DA74C5 /* HomeDayNightView.xib in Resources */ = {isa = PBXBuildFile; fileRef = 563B032F25A8849300DA74C5 /* HomeDayNightView.xib */; };
		563B033325A884A200DA74C5 /* HomeDayNightView.swift in Sources */ = {isa = PBXBuildFile; fileRef = 563B033225A884A200DA74C5 /* HomeDayNightView.swift */; };
		563B034325A8970E00DA74C5 /* Home.storyboard in Resources */ = {isa = PBXBuildFile; fileRef = 563B034225A8970E00DA74C5 /* Home.storyboard */; };
		563B034725A8973100DA74C5 /* HomeViewController.swift in Sources */ = {isa = PBXBuildFile; fileRef = 563B034625A8973100DA74C5 /* HomeViewController.swift */; };
		563B037625AA0F3500DA74C5 /* BubbleDummyData.swift in Sources */ = {isa = PBXBuildFile; fileRef = 563B037525AA0F3500DA74C5 /* BubbleDummyData.swift */; };
		563B037B25AA106F00DA74C5 /* BubbleTableViewCell.swift in Sources */ = {isa = PBXBuildFile; fileRef = 563B037925AA106F00DA74C5 /* BubbleTableViewCell.swift */; };
		563B037C25AA106F00DA74C5 /* BubbleTableViewCell.xib in Resources */ = {isa = PBXBuildFile; fileRef = 563B037A25AA106F00DA74C5 /* BubbleTableViewCell.xib */; };
		563B03DF25ACB59800DA74C5 /* Login.storyboard in Resources */ = {isa = PBXBuildFile; fileRef = 563B03DE25ACB59800DA74C5 /* Login.storyboard */; };
		563B03E225ACBB1200DA74C5 /* LoginViewController.swift in Sources */ = {isa = PBXBuildFile; fileRef = 563B03E125ACBB1200DA74C5 /* LoginViewController.swift */; };
		563B03FB25ACCDF700DA74C5 /* EmailLogin.storyboard in Resources */ = {isa = PBXBuildFile; fileRef = 563B03FA25ACCDF700DA74C5 /* EmailLogin.storyboard */; };
		563B03FE25ACCE0200DA74C5 /* EmailLoginViewController.swift in Sources */ = {isa = PBXBuildFile; fileRef = 563B03FD25ACCE0200DA74C5 /* EmailLoginViewController.swift */; };
		563B040225AD5F1800DA74C5 /* Join.storyboard in Resources */ = {isa = PBXBuildFile; fileRef = 563B040125AD5F1800DA74C5 /* Join.storyboard */; };
		563B040525AD5F3100DA74C5 /* JoinViewController.swift in Sources */ = {isa = PBXBuildFile; fileRef = 563B040425AD5F3100DA74C5 /* JoinViewController.swift */; };
		563B044525ADB57600DA74C5 /* UIImage+Extension.swift in Sources */ = {isa = PBXBuildFile; fileRef = 563B044425ADB57600DA74C5 /* UIImage+Extension.swift */; };
		563B047425ADF46200DA74C5 /* FindPassword.storyboard in Resources */ = {isa = PBXBuildFile; fileRef = 563B047325ADF46200DA74C5 /* FindPassword.storyboard */; };
		563B047725ADF47200DA74C5 /* FindPasswordViewController.swift in Sources */ = {isa = PBXBuildFile; fileRef = 563B047625ADF47200DA74C5 /* FindPasswordViewController.swift */; };
		563B047A25ADF63900DA74C5 /* UITextField+Extension.swift in Sources */ = {isa = PBXBuildFile; fileRef = 563B047925ADF63900DA74C5 /* UITextField+Extension.swift */; };
		563B048A25AE0BA900DA74C5 /* GenericResponse.swift in Sources */ = {isa = PBXBuildFile; fileRef = 563B048925AE0BA900DA74C5 /* GenericResponse.swift */; };
		563B048D25AE0BD500DA74C5 /* NetworkResult.swift in Sources */ = {isa = PBXBuildFile; fileRef = 563B048C25AE0BD500DA74C5 /* NetworkResult.swift */; };
		5687640D2599AD3A009CB486 /* AppDelegate.swift in Sources */ = {isa = PBXBuildFile; fileRef = 5687640C2599AD3A009CB486 /* AppDelegate.swift */; };
		5687640F2599AD3A009CB486 /* SceneDelegate.swift in Sources */ = {isa = PBXBuildFile; fileRef = 5687640E2599AD3A009CB486 /* SceneDelegate.swift */; };
		568764142599AD3A009CB486 /* Main.storyboard in Resources */ = {isa = PBXBuildFile; fileRef = 568764122599AD3A009CB486 /* Main.storyboard */; };
		568764162599AD3C009CB486 /* Assets.xcassets in Resources */ = {isa = PBXBuildFile; fileRef = 568764152599AD3C009CB486 /* Assets.xcassets */; };
		568764192599AD3C009CB486 /* LaunchScreen.storyboard in Resources */ = {isa = PBXBuildFile; fileRef = 568764172599AD3C009CB486 /* LaunchScreen.storyboard */; };
		568764362599EEC9009CB486 /* .swiftlint.yml in Resources */ = {isa = PBXBuildFile; fileRef = 568764352599EEC9009CB486 /* .swiftlint.yml */; };
		5687645E2599FB48009CB486 /* AppConstants.swift in Sources */ = {isa = PBXBuildFile; fileRef = 5687645D2599FB48009CB486 /* AppConstants.swift */; };
		568764612599FB56009CB486 /* APIConstants.swift in Sources */ = {isa = PBXBuildFile; fileRef = 568764602599FB56009CB486 /* APIConstants.swift */; };
		568764CE259F6A80009CB486 /* Colors.xcassets in Resources */ = {isa = PBXBuildFile; fileRef = 568764CD259F6A80009CB486 /* Colors.xcassets */; };
		568764D1259F6EDE009CB486 /* UIColor+Extension.swift in Sources */ = {isa = PBXBuildFile; fileRef = 568764D0259F6EDE009CB486 /* UIColor+Extension.swift */; };
		9360320992DCEB38E63381C5 /* Pods_MoMo.framework in Frameworks */ = {isa = PBXBuildFile; fileRef = FCF70C440F3CE67275FF3023 /* Pods_MoMo.framework */; };
/* End PBXBuildFile section */

/* Begin PBXFileReference section */
		1006505B25AAF3320016B796 /* ViewController.swift */ = {isa = PBXFileReference; fileEncoding = 4; lastKnownFileType = sourcecode.swift; path = ViewController.swift; sourceTree = "<group>"; };
		1006505C25AAF3320016B796 /* ListViewController.swift */ = {isa = PBXFileReference; fileEncoding = 4; lastKnownFileType = sourcecode.swift; path = ListViewController.swift; sourceTree = "<group>"; };
		1014894325AC417E00639F98 /* DIaryWriteViewController.swift */ = {isa = PBXFileReference; lastKnownFileType = sourcecode.swift; path = DIaryWriteViewController.swift; sourceTree = "<group>"; };
		104E685D25AAF8410019B29E /* DiaryWrite.storyboard */ = {isa = PBXFileReference; lastKnownFileType = file.storyboard; path = DiaryWrite.storyboard; sourceTree = "<group>"; };
		105661EB25A5F79300E111B2 /* EmptyTableViewCell.swift */ = {isa = PBXFileReference; lastKnownFileType = sourcecode.swift; path = EmptyTableViewCell.swift; sourceTree = "<group>"; };
		105661EC25A5F79300E111B2 /* EmptyTableViewCell.xib */ = {isa = PBXFileReference; lastKnownFileType = file.xib; path = EmptyTableViewCell.xib; sourceTree = "<group>"; };
		107919B125A4830B0024C711 /* ListDateTableViewCell.swift */ = {isa = PBXFileReference; lastKnownFileType = sourcecode.swift; path = ListDateTableViewCell.swift; sourceTree = "<group>"; };
		107919B225A4830B0024C711 /* ListDateTableViewCell.xib */ = {isa = PBXFileReference; lastKnownFileType = file.xib; path = ListDateTableViewCell.xib; sourceTree = "<group>"; };
		107919BA25A484510024C711 /* ListFilterTableViewCell.swift */ = {isa = PBXFileReference; lastKnownFileType = sourcecode.swift; path = ListFilterTableViewCell.swift; sourceTree = "<group>"; };
		107919BB25A484510024C711 /* ListFilterTableViewCell.xib */ = {isa = PBXFileReference; lastKnownFileType = file.xib; path = ListFilterTableViewCell.xib; sourceTree = "<group>"; };
		107919BF25A484E60024C711 /* FilterCollectionViewCell.swift */ = {isa = PBXFileReference; lastKnownFileType = sourcecode.swift; path = FilterCollectionViewCell.swift; sourceTree = "<group>"; };
		107919C025A484E60024C711 /* FilterCollectionViewCell.xib */ = {isa = PBXFileReference; lastKnownFileType = file.xib; path = FilterCollectionViewCell.xib; sourceTree = "<group>"; };
		10B6731F25A771700046AA97 /* String+Extension.swift */ = {isa = PBXFileReference; lastKnownFileType = sourcecode.swift; path = "String+Extension.swift"; sourceTree = "<group>"; };
		10B6732C25A775DE0046AA97 /* UIView+Extension.swift */ = {isa = PBXFileReference; lastKnownFileType = sourcecode.swift; path = "UIView+Extension.swift"; sourceTree = "<group>"; };
		10DDA33725AF099A00620C41 /* ListFilterModalViewController.swift */ = {isa = PBXFileReference; fileEncoding = 4; lastKnownFileType = sourcecode.swift; path = ListFilterModalViewController.swift; sourceTree = "<group>"; };
		10DDA33825AF099A00620C41 /* ListFilterModalViewController.xib */ = {isa = PBXFileReference; fileEncoding = 4; lastKnownFileType = file.xib; path = ListFilterModalViewController.xib; sourceTree = "<group>"; };
		10DDA33C25AF09A900620C41 /* DepthCollectionViewCell.swift */ = {isa = PBXFileReference; fileEncoding = 4; lastKnownFileType = sourcecode.swift; path = DepthCollectionViewCell.swift; sourceTree = "<group>"; };
		10DDA33D25AF09A900620C41 /* DepthCollectionViewCell.xib */ = {isa = PBXFileReference; fileEncoding = 4; lastKnownFileType = file.xib; path = DepthCollectionViewCell.xib; sourceTree = "<group>"; };
		10DDA33E25AF09A900620C41 /* EmotionCollectionViewCell.swift */ = {isa = PBXFileReference; fileEncoding = 4; lastKnownFileType = sourcecode.swift; path = EmotionCollectionViewCell.swift; sourceTree = "<group>"; };
		10DDA33F25AF09A900620C41 /* EmotionCollectionViewCell.xib */ = {isa = PBXFileReference; fileEncoding = 4; lastKnownFileType = file.xib; path = EmotionCollectionViewCell.xib; sourceTree = "<group>"; };
		10DDA34525AF09C500620C41 /* ModalPresentationController.swift */ = {isa = PBXFileReference; fileEncoding = 4; lastKnownFileType = sourcecode.swift; path = ModalPresentationController.swift; sourceTree = "<group>"; };
		10E5CD7D25ADF145004FDC24 /* UploadModalViewController.swift */ = {isa = PBXFileReference; fileEncoding = 4; lastKnownFileType = sourcecode.swift; path = UploadModalViewController.swift; sourceTree = "<group>"; };
		10E5CD7E25ADF145004FDC24 /* UploadModalViewController.xib */ = {isa = PBXFileReference; fileEncoding = 4; lastKnownFileType = file.xib; path = UploadModalViewController.xib; sourceTree = "<group>"; };
		10E5CD8225ADF1D5004FDC24 /* UploadModalPresentationController.swift */ = {isa = PBXFileReference; fileEncoding = 4; lastKnownFileType = sourcecode.swift; path = UploadModalPresentationController.swift; sourceTree = "<group>"; };
		10F12B0F259B2C4C003CAA9E /* List.storyboard */ = {isa = PBXFileReference; lastKnownFileType = file.storyboard; path = List.storyboard; sourceTree = "<group>"; };
		10F8723225AAF2D9009FE6F1 /* ListTableViewCell.xib */ = {isa = PBXFileReference; fileEncoding = 4; lastKnownFileType = file.xib; path = ListTableViewCell.xib; sourceTree = "<group>"; };
		10F8723325AAF2D9009FE6F1 /* ListTableViewCell.swift */ = {isa = PBXFileReference; fileEncoding = 4; lastKnownFileType = sourcecode.swift; path = ListTableViewCell.swift; sourceTree = "<group>"; };
		1C42357225AE26B9008FB838 /* SplashViewController.swift */ = {isa = PBXFileReference; lastKnownFileType = sourcecode.swift; path = SplashViewController.swift; sourceTree = "<group>"; };
		1C42357525AE26D2008FB838 /* Splash.storyboard */ = {isa = PBXFileReference; lastKnownFileType = file.storyboard; path = Splash.storyboard; sourceTree = "<group>"; };
		1C42358E25AE2E31008FB838 /* momo_splash.json */ = {isa = PBXFileReference; fileEncoding = 4; lastKnownFileType = text.json; path = momo_splash.json; sourceTree = "<group>"; };
		1C52BE0425AD655300D02771 /* AlertModalView.swift */ = {isa = PBXFileReference; lastKnownFileType = sourcecode.swift; path = AlertModalView.swift; sourceTree = "<group>"; };
		1C52BE0725AD656700D02771 /* AlertModalView.xib */ = {isa = PBXFileReference; lastKnownFileType = file.xib; path = AlertModalView.xib; sourceTree = "<group>"; };
		1C52BE0E25AD7A9500D02771 /* onboarding_wave_ios.json */ = {isa = PBXFileReference; fileEncoding = 4; lastKnownFileType = text.json; path = onboarding_wave_ios.json; sourceTree = "<group>"; };
		1C7CD80625ACA5EC00B7CB60 /* DiaryViewController.swift */ = {isa = PBXFileReference; lastKnownFileType = sourcecode.swift; path = DiaryViewController.swift; sourceTree = "<group>"; };
		1C7CD80925ACA5FD00B7CB60 /* Diary.storyboard */ = {isa = PBXFileReference; lastKnownFileType = file.storyboard; path = Diary.storyboard; sourceTree = "<group>"; };
		1C7CD82425ACEB9E00B7CB60 /* MenuView.swift */ = {isa = PBXFileReference; lastKnownFileType = sourcecode.swift; path = MenuView.swift; sourceTree = "<group>"; };
		1C7CD82725ACEBAB00B7CB60 /* MenuView.xib */ = {isa = PBXFileReference; lastKnownFileType = file.xib; path = MenuView.xib; sourceTree = "<group>"; };
		1CAD05A125A9C98F007ECA40 /* UILabel+Extension.swift */ = {isa = PBXFileReference; lastKnownFileType = sourcecode.swift; path = "UILabel+Extension.swift"; sourceTree = "<group>"; };
		1CAD05A425AACB36007ECA40 /* DeepViewController.swift */ = {isa = PBXFileReference; lastKnownFileType = sourcecode.swift; path = DeepViewController.swift; sourceTree = "<group>"; };
		1CAD05B025AC3DC4007ECA40 /* DeepSliderView.swift */ = {isa = PBXFileReference; lastKnownFileType = sourcecode.swift; path = DeepSliderView.swift; sourceTree = "<group>"; };
		1CAD05B325AC3DEF007ECA40 /* DeepSliderView.xib */ = {isa = PBXFileReference; lastKnownFileType = file.xib; path = DeepSliderView.xib; sourceTree = "<group>"; };
		1CAD05B925AC59C1007ECA40 /* UISlider+Extension.swift */ = {isa = PBXFileReference; lastKnownFileType = sourcecode.swift; path = "UISlider+Extension.swift"; sourceTree = "<group>"; };
		1CEF46BE25A6DA7600AF3D81 /* OnboardingViewController.swift */ = {isa = PBXFileReference; lastKnownFileType = sourcecode.swift; path = OnboardingViewController.swift; sourceTree = "<group>"; };
		1CEF46C125A6DAA000AF3D81 /* Onboarding.storyboard */ = {isa = PBXFileReference; lastKnownFileType = file.storyboard; path = Onboarding.storyboard; sourceTree = "<group>"; };
		1CEF46C425A6E09100AF3D81 /* MoodViewController.swift */ = {isa = PBXFileReference; lastKnownFileType = sourcecode.swift; path = MoodViewController.swift; sourceTree = "<group>"; };
		1CEF46C725A6E0A000AF3D81 /* SentenceViewController.swift */ = {isa = PBXFileReference; lastKnownFileType = sourcecode.swift; path = SentenceViewController.swift; sourceTree = "<group>"; };
		1CEF46CA25A6E0B200AF3D81 /* OnboardingWriteViewController.swift */ = {isa = PBXFileReference; lastKnownFileType = sourcecode.swift; path = OnboardingWriteViewController.swift; sourceTree = "<group>"; };
		563B032F25A8849300DA74C5 /* HomeDayNightView.xib */ = {isa = PBXFileReference; lastKnownFileType = file.xib; path = HomeDayNightView.xib; sourceTree = "<group>"; };
		563B033225A884A200DA74C5 /* HomeDayNightView.swift */ = {isa = PBXFileReference; lastKnownFileType = sourcecode.swift; path = HomeDayNightView.swift; sourceTree = "<group>"; };
		563B034225A8970E00DA74C5 /* Home.storyboard */ = {isa = PBXFileReference; lastKnownFileType = file.storyboard; path = Home.storyboard; sourceTree = "<group>"; };
		563B034625A8973100DA74C5 /* HomeViewController.swift */ = {isa = PBXFileReference; lastKnownFileType = sourcecode.swift; path = HomeViewController.swift; sourceTree = "<group>"; };
		563B037525AA0F3500DA74C5 /* BubbleDummyData.swift */ = {isa = PBXFileReference; lastKnownFileType = sourcecode.swift; path = BubbleDummyData.swift; sourceTree = "<group>"; };
		563B037925AA106F00DA74C5 /* BubbleTableViewCell.swift */ = {isa = PBXFileReference; lastKnownFileType = sourcecode.swift; path = BubbleTableViewCell.swift; sourceTree = "<group>"; };
		563B037A25AA106F00DA74C5 /* BubbleTableViewCell.xib */ = {isa = PBXFileReference; lastKnownFileType = file.xib; path = BubbleTableViewCell.xib; sourceTree = "<group>"; };
		563B03DE25ACB59800DA74C5 /* Login.storyboard */ = {isa = PBXFileReference; lastKnownFileType = file.storyboard; path = Login.storyboard; sourceTree = "<group>"; };
		563B03E125ACBB1200DA74C5 /* LoginViewController.swift */ = {isa = PBXFileReference; lastKnownFileType = sourcecode.swift; path = LoginViewController.swift; sourceTree = "<group>"; };
		563B03FA25ACCDF700DA74C5 /* EmailLogin.storyboard */ = {isa = PBXFileReference; lastKnownFileType = file.storyboard; path = EmailLogin.storyboard; sourceTree = "<group>"; };
		563B03FD25ACCE0200DA74C5 /* EmailLoginViewController.swift */ = {isa = PBXFileReference; lastKnownFileType = sourcecode.swift; path = EmailLoginViewController.swift; sourceTree = "<group>"; };
		563B040125AD5F1800DA74C5 /* Join.storyboard */ = {isa = PBXFileReference; lastKnownFileType = file.storyboard; path = Join.storyboard; sourceTree = "<group>"; };
		563B040425AD5F3100DA74C5 /* JoinViewController.swift */ = {isa = PBXFileReference; lastKnownFileType = sourcecode.swift; path = JoinViewController.swift; sourceTree = "<group>"; };
		563B044425ADB57600DA74C5 /* UIImage+Extension.swift */ = {isa = PBXFileReference; fileEncoding = 4; lastKnownFileType = sourcecode.swift; path = "UIImage+Extension.swift"; sourceTree = "<group>"; };
		563B047325ADF46200DA74C5 /* FindPassword.storyboard */ = {isa = PBXFileReference; lastKnownFileType = file.storyboard; path = FindPassword.storyboard; sourceTree = "<group>"; };
		563B047625ADF47200DA74C5 /* FindPasswordViewController.swift */ = {isa = PBXFileReference; lastKnownFileType = sourcecode.swift; path = FindPasswordViewController.swift; sourceTree = "<group>"; };
		563B047925ADF63900DA74C5 /* UITextField+Extension.swift */ = {isa = PBXFileReference; lastKnownFileType = sourcecode.swift; path = "UITextField+Extension.swift"; sourceTree = "<group>"; };
		563B048925AE0BA900DA74C5 /* GenericResponse.swift */ = {isa = PBXFileReference; lastKnownFileType = sourcecode.swift; path = GenericResponse.swift; sourceTree = "<group>"; };
		563B048C25AE0BD500DA74C5 /* NetworkResult.swift */ = {isa = PBXFileReference; lastKnownFileType = sourcecode.swift; path = NetworkResult.swift; sourceTree = "<group>"; };
		568764092599AD3A009CB486 /* MoMo.app */ = {isa = PBXFileReference; explicitFileType = wrapper.application; includeInIndex = 0; path = MoMo.app; sourceTree = BUILT_PRODUCTS_DIR; };
		5687640C2599AD3A009CB486 /* AppDelegate.swift */ = {isa = PBXFileReference; lastKnownFileType = sourcecode.swift; path = AppDelegate.swift; sourceTree = "<group>"; };
		5687640E2599AD3A009CB486 /* SceneDelegate.swift */ = {isa = PBXFileReference; lastKnownFileType = sourcecode.swift; path = SceneDelegate.swift; sourceTree = "<group>"; };
		568764132599AD3A009CB486 /* Base */ = {isa = PBXFileReference; lastKnownFileType = file.storyboard; name = Base; path = Base.lproj/Main.storyboard; sourceTree = "<group>"; };
		568764152599AD3C009CB486 /* Assets.xcassets */ = {isa = PBXFileReference; lastKnownFileType = folder.assetcatalog; path = Assets.xcassets; sourceTree = "<group>"; };
		568764182599AD3C009CB486 /* Base */ = {isa = PBXFileReference; lastKnownFileType = file.storyboard; name = Base; path = Base.lproj/LaunchScreen.storyboard; sourceTree = "<group>"; };
		5687641A2599AD3C009CB486 /* Info.plist */ = {isa = PBXFileReference; lastKnownFileType = text.plist.xml; path = Info.plist; sourceTree = "<group>"; };
		568764352599EEC9009CB486 /* .swiftlint.yml */ = {isa = PBXFileReference; lastKnownFileType = text.yaml; path = .swiftlint.yml; sourceTree = "<group>"; };
		5687645D2599FB48009CB486 /* AppConstants.swift */ = {isa = PBXFileReference; lastKnownFileType = sourcecode.swift; path = AppConstants.swift; sourceTree = "<group>"; };
		568764602599FB56009CB486 /* APIConstants.swift */ = {isa = PBXFileReference; lastKnownFileType = sourcecode.swift; path = APIConstants.swift; sourceTree = "<group>"; };
		568764CD259F6A80009CB486 /* Colors.xcassets */ = {isa = PBXFileReference; lastKnownFileType = folder.assetcatalog; path = Colors.xcassets; sourceTree = "<group>"; };
		568764D0259F6EDE009CB486 /* UIColor+Extension.swift */ = {isa = PBXFileReference; lastKnownFileType = sourcecode.swift; path = "UIColor+Extension.swift"; sourceTree = "<group>"; };
		596A64056F40D8E627DE76D5 /* Pods-MoMo.debug.xcconfig */ = {isa = PBXFileReference; includeInIndex = 1; lastKnownFileType = text.xcconfig; name = "Pods-MoMo.debug.xcconfig"; path = "Target Support Files/Pods-MoMo/Pods-MoMo.debug.xcconfig"; sourceTree = "<group>"; };
		BC74336F4AB884589C6C3095 /* Pods-MoMo.release.xcconfig */ = {isa = PBXFileReference; includeInIndex = 1; lastKnownFileType = text.xcconfig; name = "Pods-MoMo.release.xcconfig"; path = "Target Support Files/Pods-MoMo/Pods-MoMo.release.xcconfig"; sourceTree = "<group>"; };
		FCF70C440F3CE67275FF3023 /* Pods_MoMo.framework */ = {isa = PBXFileReference; explicitFileType = wrapper.framework; includeInIndex = 0; path = Pods_MoMo.framework; sourceTree = BUILT_PRODUCTS_DIR; };
/* End PBXFileReference section */

/* Begin PBXFrameworksBuildPhase section */
		568764062599AD3A009CB486 /* Frameworks */ = {
			isa = PBXFrameworksBuildPhase;
			buildActionMask = 2147483647;
			files = (
				9360320992DCEB38E63381C5 /* Pods_MoMo.framework in Frameworks */,
			);
			runOnlyForDeploymentPostprocessing = 0;
		};
/* End PBXFrameworksBuildPhase section */

/* Begin PBXGroup section */
		563B032E25A8845A00DA74C5 /* View */ = {
			isa = PBXGroup;
			children = (
				563B032F25A8849300DA74C5 /* HomeDayNightView.xib */,
				563B033225A884A200DA74C5 /* HomeDayNightView.swift */,
				1CAD05B025AC3DC4007ECA40 /* DeepSliderView.swift */,
				1CAD05B325AC3DEF007ECA40 /* DeepSliderView.xib */,
				1C7CD82425ACEB9E00B7CB60 /* MenuView.swift */,
				1C7CD82725ACEBAB00B7CB60 /* MenuView.xib */,
				1C52BE0425AD655300D02771 /* AlertModalView.swift */,
				1C52BE0725AD656700D02771 /* AlertModalView.xib */,
			);
			path = View;
			sourceTree = "<group>";
		};
		563B037425AA0B7F00DA74C5 /* Models */ = {
			isa = PBXGroup;
			children = (
				563B037525AA0F3500DA74C5 /* BubbleDummyData.swift */,
			);
			path = Models;
			sourceTree = "<group>";
		};
		563B044025ADB4C100DA74C5 /* Recovered References */ = {
			isa = PBXGroup;
			children = (
			);
			name = "Recovered References";
			sourceTree = "<group>";
		};
		563B048725AE06F700DA74C5 /* APIServices */ = {
			isa = PBXGroup;
			children = (
				563B048925AE0BA900DA74C5 /* GenericResponse.swift */,
				563B048C25AE0BD500DA74C5 /* NetworkResult.swift */,
			);
			path = APIServices;
			sourceTree = "<group>";
		};
		568764002599AD3A009CB486 = {
			isa = PBXGroup;
			children = (
				568764352599EEC9009CB486 /* .swiftlint.yml */,
				5687640B2599AD3A009CB486 /* MoMo */,
				5687640A2599AD3A009CB486 /* Products */,
				94E4DFA10283C6B39BB18E35 /* Pods */,
				6693926120D847343D0048A0 /* Frameworks */,
				563B044025ADB4C100DA74C5 /* Recovered References */,
			);
			sourceTree = "<group>";
		};
		5687640A2599AD3A009CB486 /* Products */ = {
			isa = PBXGroup;
			children = (
				568764092599AD3A009CB486 /* MoMo.app */,
			);
			name = Products;
			sourceTree = "<group>";
		};
		5687640B2599AD3A009CB486 /* MoMo */ = {
			isa = PBXGroup;
			children = (
				568764212599DEDF009CB486 /* Resources */,
				568764222599E305009CB486 /* Sources */,
			);
			path = MoMo;
			sourceTree = "<group>";
		};
		568764212599DEDF009CB486 /* Resources */ = {
			isa = PBXGroup;
			children = (
				5687641A2599AD3C009CB486 /* Info.plist */,
				568764152599AD3C009CB486 /* Assets.xcassets */,
				568764CD259F6A80009CB486 /* Colors.xcassets */,
				1C42358E25AE2E31008FB838 /* momo_splash.json */,
				1C52BE0E25AD7A9500D02771 /* onboarding_wave_ios.json */,
				5687645B2599FB39009CB486 /* Constants */,
				5687642B2599E36B009CB486 /* Storyboards */,
			);
			path = Resources;
			sourceTree = "<group>";
		};
		568764222599E305009CB486 /* Sources */ = {
			isa = PBXGroup;
			children = (
				5687640C2599AD3A009CB486 /* AppDelegate.swift */,
				5687640E2599AD3A009CB486 /* SceneDelegate.swift */,
				563B048725AE06F700DA74C5 /* APIServices */,
				568764282599E33F009CB486 /* Extensions */,
				563B037425AA0B7F00DA74C5 /* Models */,
				5687642A2599E350009CB486 /* Protocols */,
				5687642C2599E37B009CB486 /* Cells */,
				563B032E25A8845A00DA74C5 /* View */,
				5687642E2599E38B009CB486 /* ViewControllers */,
			);
			path = Sources;
			sourceTree = "<group>";
		};
		568764282599E33F009CB486 /* Extensions */ = {
			isa = PBXGroup;
			children = (
				10DDA34525AF09C500620C41 /* ModalPresentationController.swift */,
				10E5CD8225ADF1D5004FDC24 /* UploadModalPresentationController.swift */,
				563B044425ADB57600DA74C5 /* UIImage+Extension.swift */,
				568764D0259F6EDE009CB486 /* UIColor+Extension.swift */,
				10B6731F25A771700046AA97 /* String+Extension.swift */,
				10B6732C25A775DE0046AA97 /* UIView+Extension.swift */,
				1CAD05A125A9C98F007ECA40 /* UILabel+Extension.swift */,
				1CAD05B925AC59C1007ECA40 /* UISlider+Extension.swift */,
				563B047925ADF63900DA74C5 /* UITextField+Extension.swift */,
			);
			path = Extensions;
			sourceTree = "<group>";
		};
		5687642A2599E350009CB486 /* Protocols */ = {
			isa = PBXGroup;
			children = (
			);
			path = Protocols;
			sourceTree = "<group>";
		};
		5687642B2599E36B009CB486 /* Storyboards */ = {
			isa = PBXGroup;
			children = (
				568764172599AD3C009CB486 /* LaunchScreen.storyboard */,
				568764122599AD3A009CB486 /* Main.storyboard */,
				10F12B0F259B2C4C003CAA9E /* List.storyboard */,
				1CEF46C125A6DAA000AF3D81 /* Onboarding.storyboard */,
				563B034225A8970E00DA74C5 /* Home.storyboard */,
				1C42357525AE26D2008FB838 /* Splash.storyboard */,
				1C7CD80925ACA5FD00B7CB60 /* Diary.storyboard */,
				563B040125AD5F1800DA74C5 /* Join.storyboard */,
				563B03FA25ACCDF700DA74C5 /* EmailLogin.storyboard */,
				563B03DE25ACB59800DA74C5 /* Login.storyboard */,
				104E685D25AAF8410019B29E /* DiaryWrite.storyboard */,
				563B047325ADF46200DA74C5 /* FindPassword.storyboard */,
			);
			path = Storyboards;
			sourceTree = "<group>";
		};
		5687642C2599E37B009CB486 /* Cells */ = {
			isa = PBXGroup;
			children = (
				10DDA33C25AF09A900620C41 /* DepthCollectionViewCell.swift */,
				10DDA33D25AF09A900620C41 /* DepthCollectionViewCell.xib */,
				10DDA33E25AF09A900620C41 /* EmotionCollectionViewCell.swift */,
				10DDA33F25AF09A900620C41 /* EmotionCollectionViewCell.xib */,
				10F8723325AAF2D9009FE6F1 /* ListTableViewCell.swift */,
				10F8723225AAF2D9009FE6F1 /* ListTableViewCell.xib */,
				107919B125A4830B0024C711 /* ListDateTableViewCell.swift */,
				107919B225A4830B0024C711 /* ListDateTableViewCell.xib */,
				107919BA25A484510024C711 /* ListFilterTableViewCell.swift */,
				107919BB25A484510024C711 /* ListFilterTableViewCell.xib */,
				107919BF25A484E60024C711 /* FilterCollectionViewCell.swift */,
				107919C025A484E60024C711 /* FilterCollectionViewCell.xib */,
				105661EB25A5F79300E111B2 /* EmptyTableViewCell.swift */,
				105661EC25A5F79300E111B2 /* EmptyTableViewCell.xib */,
				563B037925AA106F00DA74C5 /* BubbleTableViewCell.swift */,
				563B037A25AA106F00DA74C5 /* BubbleTableViewCell.xib */,
			);
			path = Cells;
			sourceTree = "<group>";
		};
		5687642E2599E38B009CB486 /* ViewControllers */ = {
			isa = PBXGroup;
			children = (
				10DDA33725AF099A00620C41 /* ListFilterModalViewController.swift */,
				10DDA33825AF099A00620C41 /* ListFilterModalViewController.xib */,
				10E5CD7D25ADF145004FDC24 /* UploadModalViewController.swift */,
				10E5CD7E25ADF145004FDC24 /* UploadModalViewController.xib */,
				1006505C25AAF3320016B796 /* ListViewController.swift */,
				1006505B25AAF3320016B796 /* ViewController.swift */,
				563B034625A8973100DA74C5 /* HomeViewController.swift */,
				1CEF46BE25A6DA7600AF3D81 /* OnboardingViewController.swift */,
				1014894325AC417E00639F98 /* DIaryWriteViewController.swift */,
				1CEF46C425A6E09100AF3D81 /* MoodViewController.swift */,
				1CEF46C725A6E0A000AF3D81 /* SentenceViewController.swift */,
				1CEF46CA25A6E0B200AF3D81 /* OnboardingWriteViewController.swift */,
				1CAD05A425AACB36007ECA40 /* DeepViewController.swift */,
				1C42357225AE26B9008FB838 /* SplashViewController.swift */,
				1C7CD80625ACA5EC00B7CB60 /* DiaryViewController.swift */,
				563B040425AD5F3100DA74C5 /* JoinViewController.swift */,
				563B03FD25ACCE0200DA74C5 /* EmailLoginViewController.swift */,
				563B03E125ACBB1200DA74C5 /* LoginViewController.swift */,
				563B047625ADF47200DA74C5 /* FindPasswordViewController.swift */,
			);
			path = ViewControllers;
			sourceTree = "<group>";
		};
		5687645B2599FB39009CB486 /* Constants */ = {
			isa = PBXGroup;
			children = (
				5687645D2599FB48009CB486 /* AppConstants.swift */,
				568764602599FB56009CB486 /* APIConstants.swift */,
			);
			path = Constants;
			sourceTree = "<group>";
		};
		6693926120D847343D0048A0 /* Frameworks */ = {
			isa = PBXGroup;
			children = (
				FCF70C440F3CE67275FF3023 /* Pods_MoMo.framework */,
			);
			name = Frameworks;
			sourceTree = "<group>";
		};
		94E4DFA10283C6B39BB18E35 /* Pods */ = {
			isa = PBXGroup;
			children = (
				596A64056F40D8E627DE76D5 /* Pods-MoMo.debug.xcconfig */,
				BC74336F4AB884589C6C3095 /* Pods-MoMo.release.xcconfig */,
			);
			path = Pods;
			sourceTree = "<group>";
		};
/* End PBXGroup section */

/* Begin PBXNativeTarget section */
		568764082599AD3A009CB486 /* MoMo */ = {
			isa = PBXNativeTarget;
			buildConfigurationList = 5687641D2599AD3C009CB486 /* Build configuration list for PBXNativeTarget "MoMo" */;
			buildPhases = (
				963E274CD155CC7F21D63911 /* [CP] Check Pods Manifest.lock */,
				568764052599AD3A009CB486 /* Sources */,
				568764062599AD3A009CB486 /* Frameworks */,
				568764072599AD3A009CB486 /* Resources */,
				504B83BF132A5FD3B0B249F9 /* [CP] Embed Pods Frameworks */,
				56876463259A012F009CB486 /* Run Script */,
			);
			buildRules = (
			);
			dependencies = (
			);
			name = MoMo;
			productName = MoMo;
			productReference = 568764092599AD3A009CB486 /* MoMo.app */;
			productType = "com.apple.product-type.application";
		};
/* End PBXNativeTarget section */

/* Begin PBXProject section */
		568764012599AD3A009CB486 /* Project object */ = {
			isa = PBXProject;
			attributes = {
				LastSwiftUpdateCheck = 1230;
				LastUpgradeCheck = 1230;
				TargetAttributes = {
					568764082599AD3A009CB486 = {
						CreatedOnToolsVersion = 12.3;
					};
				};
			};
			buildConfigurationList = 568764042599AD3A009CB486 /* Build configuration list for PBXProject "MoMo" */;
			compatibilityVersion = "Xcode 9.3";
			developmentRegion = en;
			hasScannedForEncodings = 0;
			knownRegions = (
				en,
				Base,
			);
			mainGroup = 568764002599AD3A009CB486;
			productRefGroup = 5687640A2599AD3A009CB486 /* Products */;
			projectDirPath = "";
			projectRoot = "";
			targets = (
				568764082599AD3A009CB486 /* MoMo */,
			);
		};
/* End PBXProject section */

/* Begin PBXResourcesBuildPhase section */
		568764072599AD3A009CB486 /* Resources */ = {
			isa = PBXResourcesBuildPhase;
			buildActionMask = 2147483647;
			files = (
				1C7CD80A25ACA5FD00B7CB60 /* Diary.storyboard in Resources */,
				1CAD05B425AC3DEF007ECA40 /* DeepSliderView.xib in Resources */,
				568764CE259F6A80009CB486 /* Colors.xcassets in Resources */,
				568764362599EEC9009CB486 /* .swiftlint.yml in Resources */,
				1C42357625AE26D2008FB838 /* Splash.storyboard in Resources */,
				1C7CD82825ACEBAB00B7CB60 /* MenuView.xib in Resources */,
				568764192599AD3C009CB486 /* LaunchScreen.storyboard in Resources */,
				107919BD25A484510024C711 /* ListFilterTableViewCell.xib in Resources */,
				10E5CD8025ADF145004FDC24 /* UploadModalViewController.xib in Resources */,
				563B037C25AA106F00DA74C5 /* BubbleTableViewCell.xib in Resources */,
				1CEF46C225A6DAA000AF3D81 /* Onboarding.storyboard in Resources */,
				568764162599AD3C009CB486 /* Assets.xcassets in Resources */,
				563B047425ADF46200DA74C5 /* FindPassword.storyboard in Resources */,
				1C42358F25AE2E31008FB838 /* momo_splash.json in Resources */,
				568764142599AD3A009CB486 /* Main.storyboard in Resources */,
				563B034325A8970E00DA74C5 /* Home.storyboard in Resources */,
				1C52BE0825AD656700D02771 /* AlertModalView.xib in Resources */,
				563B03DF25ACB59800DA74C5 /* Login.storyboard in Resources */,
				107919C225A484E60024C711 /* FilterCollectionViewCell.xib in Resources */,
				10DDA34125AF09A900620C41 /* DepthCollectionViewCell.xib in Resources */,
				563B040225AD5F1800DA74C5 /* Join.storyboard in Resources */,
				10DDA34325AF09A900620C41 /* EmotionCollectionViewCell.xib in Resources */,
				104E685E25AAF8410019B29E /* DiaryWrite.storyboard in Resources */,
				10DDA33A25AF099A00620C41 /* ListFilterModalViewController.xib in Resources */,
				10F12B10259B2C4C003CAA9E /* List.storyboard in Resources */,
				10F8723425AAF2D9009FE6F1 /* ListTableViewCell.xib in Resources */,
				107919B425A4830B0024C711 /* ListDateTableViewCell.xib in Resources */,
				563B033025A8849300DA74C5 /* HomeDayNightView.xib in Resources */,
				105661EE25A5F79300E111B2 /* EmptyTableViewCell.xib in Resources */,
				1C52BE0F25AD7A9500D02771 /* onboarding_wave_ios.json in Resources */,
				563B03FB25ACCDF700DA74C5 /* EmailLogin.storyboard in Resources */,
			);
			runOnlyForDeploymentPostprocessing = 0;
		};
/* End PBXResourcesBuildPhase section */

/* Begin PBXShellScriptBuildPhase section */
		504B83BF132A5FD3B0B249F9 /* [CP] Embed Pods Frameworks */ = {
			isa = PBXShellScriptBuildPhase;
			buildActionMask = 2147483647;
			files = (
			);
			inputFileListPaths = (
				"${PODS_ROOT}/Target Support Files/Pods-MoMo/Pods-MoMo-frameworks-${CONFIGURATION}-input-files.xcfilelist",
			);
			name = "[CP] Embed Pods Frameworks";
			outputFileListPaths = (
				"${PODS_ROOT}/Target Support Files/Pods-MoMo/Pods-MoMo-frameworks-${CONFIGURATION}-output-files.xcfilelist",
			);
			runOnlyForDeploymentPostprocessing = 0;
			shellPath = /bin/sh;
			shellScript = "\"${PODS_ROOT}/Target Support Files/Pods-MoMo/Pods-MoMo-frameworks.sh\"\n";
			showEnvVarsInLog = 0;
		};
		56876463259A012F009CB486 /* Run Script */ = {
			isa = PBXShellScriptBuildPhase;
			alwaysOutOfDate = 1;
			buildActionMask = 2147483647;
			files = (
			);
			inputFileListPaths = (
			);
			inputPaths = (
			);
			name = "Run Script";
			outputFileListPaths = (
			);
			outputPaths = (
			);
			runOnlyForDeploymentPostprocessing = 0;
			shellPath = /bin/sh;
			shellScript = "\"${PODS_ROOT}/SwiftLint/swiftlint\"\n";
		};
		963E274CD155CC7F21D63911 /* [CP] Check Pods Manifest.lock */ = {
			isa = PBXShellScriptBuildPhase;
			buildActionMask = 2147483647;
			files = (
			);
			inputFileListPaths = (
			);
			inputPaths = (
				"${PODS_PODFILE_DIR_PATH}/Podfile.lock",
				"${PODS_ROOT}/Manifest.lock",
			);
			name = "[CP] Check Pods Manifest.lock";
			outputFileListPaths = (
			);
			outputPaths = (
				"$(DERIVED_FILE_DIR)/Pods-MoMo-checkManifestLockResult.txt",
			);
			runOnlyForDeploymentPostprocessing = 0;
			shellPath = /bin/sh;
			shellScript = "diff \"${PODS_PODFILE_DIR_PATH}/Podfile.lock\" \"${PODS_ROOT}/Manifest.lock\" > /dev/null\nif [ $? != 0 ] ; then\n    # print error to STDERR\n    echo \"error: The sandbox is not in sync with the Podfile.lock. Run 'pod install' or update your CocoaPods installation.\" >&2\n    exit 1\nfi\n# This output is used by Xcode 'outputs' to avoid re-running this script phase.\necho \"SUCCESS\" > \"${SCRIPT_OUTPUT_FILE_0}\"\n";
			showEnvVarsInLog = 0;
		};
/* End PBXShellScriptBuildPhase section */

/* Begin PBXSourcesBuildPhase section */
		568764052599AD3A009CB486 /* Sources */ = {
			isa = PBXSourcesBuildPhase;
			buildActionMask = 2147483647;
			files = (
				1CAD05BA25AC59C1007ECA40 /* UISlider+Extension.swift in Sources */,
				1CEF46CB25A6E0B200AF3D81 /* OnboardingWriteViewController.swift in Sources */,
				563B03E225ACBB1200DA74C5 /* LoginViewController.swift in Sources */,
				563B048D25AE0BD500DA74C5 /* NetworkResult.swift in Sources */,
				568764612599FB56009CB486 /* APIConstants.swift in Sources */,
				10DDA34225AF09A900620C41 /* EmotionCollectionViewCell.swift in Sources */,
				1CAD05A525AACB36007ECA40 /* DeepViewController.swift in Sources */,
				563B034725A8973100DA74C5 /* HomeViewController.swift in Sources */,
				107919BC25A484510024C711 /* ListFilterTableViewCell.swift in Sources */,
				107919C125A484E60024C711 /* FilterCollectionViewCell.swift in Sources */,
				563B037B25AA106F00DA74C5 /* BubbleTableViewCell.swift in Sources */,
				105661ED25A5F79300E111B2 /* EmptyTableViewCell.swift in Sources */,
				1C52BE0525AD655300D02771 /* AlertModalView.swift in Sources */,
				1CAD05A225A9C98F007ECA40 /* UILabel+Extension.swift in Sources */,
				1CAD05B125AC3DC4007ECA40 /* DeepSliderView.swift in Sources */,
				5687640D2599AD3A009CB486 /* AppDelegate.swift in Sources */,
				10E5CD8325ADF1D5004FDC24 /* UploadModalPresentationController.swift in Sources */,
				563B040525AD5F3100DA74C5 /* JoinViewController.swift in Sources */,
				10F8723525AAF2D9009FE6F1 /* ListTableViewCell.swift in Sources */,
				1006505E25AAF3320016B796 /* ListViewController.swift in Sources */,
				10B6732D25A775DE0046AA97 /* UIView+Extension.swift in Sources */,
				563B03FE25ACCE0200DA74C5 /* EmailLoginViewController.swift in Sources */,
				563B044525ADB57600DA74C5 /* UIImage+Extension.swift in Sources */,
				563B048A25AE0BA900DA74C5 /* GenericResponse.swift in Sources */,
				563B037625AA0F3500DA74C5 /* BubbleDummyData.swift in Sources */,
				10DDA33925AF099A00620C41 /* ListFilterModalViewController.swift in Sources */,
				10B6732025A771700046AA97 /* String+Extension.swift in Sources */,
				10E5CD7F25ADF145004FDC24 /* UploadModalViewController.swift in Sources */,
				1006505D25AAF3320016B796 /* ViewController.swift in Sources */,
				568764D1259F6EDE009CB486 /* UIColor+Extension.swift in Sources */,
				107919B325A4830B0024C711 /* ListDateTableViewCell.swift in Sources */,
				1C42357325AE26B9008FB838 /* SplashViewController.swift in Sources */,
				1CEF46BF25A6DA7600AF3D81 /* OnboardingViewController.swift in Sources */,
				1014894425AC417E00639F98 /* DIaryWriteViewController.swift in Sources */,
				563B033325A884A200DA74C5 /* HomeDayNightView.swift in Sources */,
				1CEF46C825A6E0A000AF3D81 /* SentenceViewController.swift in Sources */,
				10DDA34625AF09C500620C41 /* ModalPresentationController.swift in Sources */,
				1C7CD82525ACEB9E00B7CB60 /* MenuView.swift in Sources */,
				1C7CD80725ACA5EC00B7CB60 /* DiaryViewController.swift in Sources */,
				563B047A25ADF63900DA74C5 /* UITextField+Extension.swift in Sources */,
				563B047725ADF47200DA74C5 /* FindPasswordViewController.swift in Sources */,
				5687640F2599AD3A009CB486 /* SceneDelegate.swift in Sources */,
				1CEF46C525A6E09100AF3D81 /* MoodViewController.swift in Sources */,
				5687645E2599FB48009CB486 /* AppConstants.swift in Sources */,
				10DDA34025AF09A900620C41 /* DepthCollectionViewCell.swift in Sources */,
			);
			runOnlyForDeploymentPostprocessing = 0;
		};
/* End PBXSourcesBuildPhase section */

/* Begin PBXVariantGroup section */
		568764122599AD3A009CB486 /* Main.storyboard */ = {
			isa = PBXVariantGroup;
			children = (
				568764132599AD3A009CB486 /* Base */,
			);
			name = Main.storyboard;
			sourceTree = "<group>";
		};
		568764172599AD3C009CB486 /* LaunchScreen.storyboard */ = {
			isa = PBXVariantGroup;
			children = (
				568764182599AD3C009CB486 /* Base */,
			);
			name = LaunchScreen.storyboard;
			sourceTree = "<group>";
		};
/* End PBXVariantGroup section */

/* Begin XCBuildConfiguration section */
		5687641B2599AD3C009CB486 /* Debug */ = {
			isa = XCBuildConfiguration;
			buildSettings = {
				ALWAYS_SEARCH_USER_PATHS = NO;
				CLANG_ANALYZER_NONNULL = YES;
				CLANG_ANALYZER_NUMBER_OBJECT_CONVERSION = YES_AGGRESSIVE;
				CLANG_CXX_LANGUAGE_STANDARD = "gnu++14";
				CLANG_CXX_LIBRARY = "libc++";
				CLANG_ENABLE_MODULES = YES;
				CLANG_ENABLE_OBJC_ARC = YES;
				CLANG_ENABLE_OBJC_WEAK = YES;
				CLANG_WARN_BLOCK_CAPTURE_AUTORELEASING = YES;
				CLANG_WARN_BOOL_CONVERSION = YES;
				CLANG_WARN_COMMA = YES;
				CLANG_WARN_CONSTANT_CONVERSION = YES;
				CLANG_WARN_DEPRECATED_OBJC_IMPLEMENTATIONS = YES;
				CLANG_WARN_DIRECT_OBJC_ISA_USAGE = YES_ERROR;
				CLANG_WARN_DOCUMENTATION_COMMENTS = YES;
				CLANG_WARN_EMPTY_BODY = YES;
				CLANG_WARN_ENUM_CONVERSION = YES;
				CLANG_WARN_INFINITE_RECURSION = YES;
				CLANG_WARN_INT_CONVERSION = YES;
				CLANG_WARN_NON_LITERAL_NULL_CONVERSION = YES;
				CLANG_WARN_OBJC_IMPLICIT_RETAIN_SELF = YES;
				CLANG_WARN_OBJC_LITERAL_CONVERSION = YES;
				CLANG_WARN_OBJC_ROOT_CLASS = YES_ERROR;
				CLANG_WARN_QUOTED_INCLUDE_IN_FRAMEWORK_HEADER = YES;
				CLANG_WARN_RANGE_LOOP_ANALYSIS = YES;
				CLANG_WARN_STRICT_PROTOTYPES = YES;
				CLANG_WARN_SUSPICIOUS_MOVE = YES;
				CLANG_WARN_UNGUARDED_AVAILABILITY = YES_AGGRESSIVE;
				CLANG_WARN_UNREACHABLE_CODE = YES;
				CLANG_WARN__DUPLICATE_METHOD_MATCH = YES;
				COPY_PHASE_STRIP = NO;
				DEBUG_INFORMATION_FORMAT = dwarf;
				ENABLE_STRICT_OBJC_MSGSEND = YES;
				ENABLE_TESTABILITY = YES;
				GCC_C_LANGUAGE_STANDARD = gnu11;
				GCC_DYNAMIC_NO_PIC = NO;
				GCC_NO_COMMON_BLOCKS = YES;
				GCC_OPTIMIZATION_LEVEL = 0;
				GCC_PREPROCESSOR_DEFINITIONS = (
					"DEBUG=1",
					"$(inherited)",
				);
				GCC_WARN_64_TO_32_BIT_CONVERSION = YES;
				GCC_WARN_ABOUT_RETURN_TYPE = YES_ERROR;
				GCC_WARN_UNDECLARED_SELECTOR = YES;
				GCC_WARN_UNINITIALIZED_AUTOS = YES_AGGRESSIVE;
				GCC_WARN_UNUSED_FUNCTION = YES;
				GCC_WARN_UNUSED_VARIABLE = YES;
				IPHONEOS_DEPLOYMENT_TARGET = 14.3;
				MTL_ENABLE_DEBUG_INFO = INCLUDE_SOURCE;
				MTL_FAST_MATH = YES;
				ONLY_ACTIVE_ARCH = YES;
				SDKROOT = iphoneos;
				SWIFT_ACTIVE_COMPILATION_CONDITIONS = DEBUG;
				SWIFT_OPTIMIZATION_LEVEL = "-Onone";
			};
			name = Debug;
		};
		5687641C2599AD3C009CB486 /* Release */ = {
			isa = XCBuildConfiguration;
			buildSettings = {
				ALWAYS_SEARCH_USER_PATHS = NO;
				CLANG_ANALYZER_NONNULL = YES;
				CLANG_ANALYZER_NUMBER_OBJECT_CONVERSION = YES_AGGRESSIVE;
				CLANG_CXX_LANGUAGE_STANDARD = "gnu++14";
				CLANG_CXX_LIBRARY = "libc++";
				CLANG_ENABLE_MODULES = YES;
				CLANG_ENABLE_OBJC_ARC = YES;
				CLANG_ENABLE_OBJC_WEAK = YES;
				CLANG_WARN_BLOCK_CAPTURE_AUTORELEASING = YES;
				CLANG_WARN_BOOL_CONVERSION = YES;
				CLANG_WARN_COMMA = YES;
				CLANG_WARN_CONSTANT_CONVERSION = YES;
				CLANG_WARN_DEPRECATED_OBJC_IMPLEMENTATIONS = YES;
				CLANG_WARN_DIRECT_OBJC_ISA_USAGE = YES_ERROR;
				CLANG_WARN_DOCUMENTATION_COMMENTS = YES;
				CLANG_WARN_EMPTY_BODY = YES;
				CLANG_WARN_ENUM_CONVERSION = YES;
				CLANG_WARN_INFINITE_RECURSION = YES;
				CLANG_WARN_INT_CONVERSION = YES;
				CLANG_WARN_NON_LITERAL_NULL_CONVERSION = YES;
				CLANG_WARN_OBJC_IMPLICIT_RETAIN_SELF = YES;
				CLANG_WARN_OBJC_LITERAL_CONVERSION = YES;
				CLANG_WARN_OBJC_ROOT_CLASS = YES_ERROR;
				CLANG_WARN_QUOTED_INCLUDE_IN_FRAMEWORK_HEADER = YES;
				CLANG_WARN_RANGE_LOOP_ANALYSIS = YES;
				CLANG_WARN_STRICT_PROTOTYPES = YES;
				CLANG_WARN_SUSPICIOUS_MOVE = YES;
				CLANG_WARN_UNGUARDED_AVAILABILITY = YES_AGGRESSIVE;
				CLANG_WARN_UNREACHABLE_CODE = YES;
				CLANG_WARN__DUPLICATE_METHOD_MATCH = YES;
				COPY_PHASE_STRIP = NO;
				DEBUG_INFORMATION_FORMAT = "dwarf-with-dsym";
				ENABLE_NS_ASSERTIONS = NO;
				ENABLE_STRICT_OBJC_MSGSEND = YES;
				GCC_C_LANGUAGE_STANDARD = gnu11;
				GCC_NO_COMMON_BLOCKS = YES;
				GCC_WARN_64_TO_32_BIT_CONVERSION = YES;
				GCC_WARN_ABOUT_RETURN_TYPE = YES_ERROR;
				GCC_WARN_UNDECLARED_SELECTOR = YES;
				GCC_WARN_UNINITIALIZED_AUTOS = YES_AGGRESSIVE;
				GCC_WARN_UNUSED_FUNCTION = YES;
				GCC_WARN_UNUSED_VARIABLE = YES;
				IPHONEOS_DEPLOYMENT_TARGET = 14.3;
				MTL_ENABLE_DEBUG_INFO = NO;
				MTL_FAST_MATH = YES;
				SDKROOT = iphoneos;
				SWIFT_COMPILATION_MODE = wholemodule;
				SWIFT_OPTIMIZATION_LEVEL = "-O";
				VALIDATE_PRODUCT = YES;
			};
			name = Release;
		};
		5687641E2599AD3C009CB486 /* Debug */ = {
			isa = XCBuildConfiguration;
			baseConfigurationReference = 596A64056F40D8E627DE76D5 /* Pods-MoMo.debug.xcconfig */;
			buildSettings = {
				ASSETCATALOG_COMPILER_APPICON_NAME = AppIcon;
				ASSETCATALOG_COMPILER_GLOBAL_ACCENT_COLOR_NAME = AccentColor;
				CODE_SIGN_STYLE = Automatic;
				DEVELOPMENT_TEAM = EQ7Z68Z2F2;
				INFOPLIST_FILE = MoMo/Resources/Info.plist;
				LD_RUNPATH_SEARCH_PATHS = (
					"$(inherited)",
					"@executable_path/Frameworks",
				);
				PRODUCT_BUNDLE_IDENTIFIER = choyi.MoMo;
				PRODUCT_NAME = "$(TARGET_NAME)";
				SWIFT_VERSION = 5.0;
				TARGETED_DEVICE_FAMILY = "1,2";
			};
			name = Debug;
		};
		5687641F2599AD3C009CB486 /* Release */ = {
			isa = XCBuildConfiguration;
			baseConfigurationReference = BC74336F4AB884589C6C3095 /* Pods-MoMo.release.xcconfig */;
			buildSettings = {
				ASSETCATALOG_COMPILER_APPICON_NAME = AppIcon;
				ASSETCATALOG_COMPILER_GLOBAL_ACCENT_COLOR_NAME = AccentColor;
				CODE_SIGN_STYLE = Automatic;
				DEVELOPMENT_TEAM = EQ7Z68Z2F2;
				INFOPLIST_FILE = MoMo/Resources/Info.plist;
				LD_RUNPATH_SEARCH_PATHS = (
					"$(inherited)",
					"@executable_path/Frameworks",
				);
				PRODUCT_BUNDLE_IDENTIFIER = choyi.MoMo;
				PRODUCT_NAME = "$(TARGET_NAME)";
				SWIFT_VERSION = 5.0;
				TARGETED_DEVICE_FAMILY = "1,2";
			};
			name = Release;
		};
/* End XCBuildConfiguration section */

/* Begin XCConfigurationList section */
		568764042599AD3A009CB486 /* Build configuration list for PBXProject "MoMo" */ = {
			isa = XCConfigurationList;
			buildConfigurations = (
				5687641B2599AD3C009CB486 /* Debug */,
				5687641C2599AD3C009CB486 /* Release */,
			);
			defaultConfigurationIsVisible = 0;
			defaultConfigurationName = Release;
		};
		5687641D2599AD3C009CB486 /* Build configuration list for PBXNativeTarget "MoMo" */ = {
			isa = XCConfigurationList;
			buildConfigurations = (
				5687641E2599AD3C009CB486 /* Debug */,
				5687641F2599AD3C009CB486 /* Release */,
			);
			defaultConfigurationIsVisible = 0;
			defaultConfigurationName = Release;
		};
/* End XCConfigurationList section */
	};
	rootObject = 568764012599AD3A009CB486 /* Project object */;
}
