PODS:
  - Alamofire (5.4.0)
  - Moya (14.0.0):
    - Moya/Core (= 14.0.0)
  - Moya/Core (14.0.0):
    - Alamofire (~> 5.0)
  - SwiftLint (0.42.0)

DEPENDENCIES:
  - Alamofire (~> 5.2)
  - Moya (~> 14.0)
  - SwiftLint

SPEC REPOS:
  trunk:
    - Alamofire
    - Moya
    - SwiftLint

SPEC CHECKSUMS:
  Alamofire: 3b6a534a3df22db367e4dedeeca73d1ddfcf0e2f
  Moya: 5b45dacb75adb009f97fde91c204c1e565d31916
  SwiftLint: 4fa9579c63416865179bc416f0a92d55f009600d

PODFILE CHECKSUM: 675c613f249ab5eee18817aab8ac1aed88016ea3

COCOAPODS: 1.10.0
